{
  "object": {
    "pins": [
      {
        "package": "Nimble",
        "repositoryURL": "https://github.com/Quick/Nimble.git",
        "state": {
          "branch": null,
          "revision": "2b1809051b4a65c1d7f5233331daa24572cd7fca",
          "version": "8.1.1"
        }
      },
      {
        "package": "PiedPiper",
        "repositoryURL": "https://github.com/spring-media/PiedPiper.git",
        "state": {
          "branch": "feature/swift-package-manager-support",
          "revision": "a9c3d5fe505724ad6ea88e97dde1e49818a374da",
          "version": null
        }
      },
      {
        "package": "Quick",
        "repositoryURL": "https://github.com/Quick/Quick.git",
        "state": {
          "branch": null,
          "revision": "09b3becb37cb2163919a3842a4c5fa6ec7130792",
          "version": "2.2.1"
        }
      }
    ]
  },
  "version": 1
}
